// !$*UTF8*$!
{
	archiveVersion = 1;
	classes = {
	};
	objectVersion = 55;
	objects = {

/* Begin PBXBuildFile section */
		A2B70A1227CF7CF200AD2FB2 /* AppDelegate.swift in Sources */ = {isa = PBXBuildFile; fileRef = A2B70A1127CF7CF200AD2FB2 /* AppDelegate.swift */; };
		A2B70A1427CF7CF200AD2FB2 /* SceneDelegate.swift in Sources */ = {isa = PBXBuildFile; fileRef = A2B70A1327CF7CF200AD2FB2 /* SceneDelegate.swift */; };
		A2B70A1627CF7CF200AD2FB2 /* ViewController.swift in Sources */ = {isa = PBXBuildFile; fileRef = A2B70A1527CF7CF200AD2FB2 /* ViewController.swift */; };
		A2B70A1B27CF7CF300AD2FB2 /* Assets.xcassets in Resources */ = {isa = PBXBuildFile; fileRef = A2B70A1A27CF7CF300AD2FB2 /* Assets.xcassets */; };
		A2B70A1E27CF7CF300AD2FB2 /* LaunchScreen.storyboard in Resources */ = {isa = PBXBuildFile; fileRef = A2B70A1C27CF7CF300AD2FB2 /* LaunchScreen.storyboard */; };
		A2B70A2927CF7CF300AD2FB2 /* saryTests.swift in Sources */ = {isa = PBXBuildFile; fileRef = A2B70A2827CF7CF300AD2FB2 /* saryTests.swift */; };
		A2B70A3327CF7CF300AD2FB2 /* saryUITests.swift in Sources */ = {isa = PBXBuildFile; fileRef = A2B70A3227CF7CF300AD2FB2 /* saryUITests.swift */; };
		A2B70A3527CF7CF300AD2FB2 /* saryUITestsLaunchTests.swift in Sources */ = {isa = PBXBuildFile; fileRef = A2B70A3427CF7CF300AD2FB2 /* saryUITestsLaunchTests.swift */; };
		A2B70A4327CF85DF00AD2FB2 /* UIView+.swift in Sources */ = {isa = PBXBuildFile; fileRef = A2B70A4227CF85DF00AD2FB2 /* UIView+.swift */; };
		A2B70A4727CF892400AD2FB2 /* Alamofire in Frameworks */ = {isa = PBXBuildFile; productRef = A2B70A4627CF892400AD2FB2 /* Alamofire */; };
		A2B70A4A27CF979B00AD2FB2 /* StoreTabViewController.swift in Sources */ = {isa = PBXBuildFile; fileRef = A2B70A4927CF979B00AD2FB2 /* StoreTabViewController.swift */; };
		A2B70A4C27CF97DF00AD2FB2 /* OrdersTabViewController.swift in Sources */ = {isa = PBXBuildFile; fileRef = A2B70A4B27CF97DF00AD2FB2 /* OrdersTabViewController.swift */; };
		A2B70A4E27CF980D00AD2FB2 /* AccountTabViewController.swift in Sources */ = {isa = PBXBuildFile; fileRef = A2B70A4D27CF980D00AD2FB2 /* AccountTabViewController.swift */; };
		A2B70A5027CFC12C00AD2FB2 /* Banner.swift in Sources */ = {isa = PBXBuildFile; fileRef = A2B70A4F27CFC12C00AD2FB2 /* Banner.swift */; };
		A2B70A5227CFC16D00AD2FB2 /* BannerAPIResult.swift in Sources */ = {isa = PBXBuildFile; fileRef = A2B70A5127CFC16D00AD2FB2 /* BannerAPIResult.swift */; };
		A2B70A5427CFC30600AD2FB2 /* banners.json in Resources */ = {isa = PBXBuildFile; fileRef = A2B70A5327CFC30600AD2FB2 /* banners.json */; };
		A2B70A5627CFC35500AD2FB2 /* Bundle+.swift in Sources */ = {isa = PBXBuildFile; fileRef = A2B70A5527CFC35500AD2FB2 /* Bundle+.swift */; };
		A2B70A5927CFC55000AD2FB2 /* catalog.json in Resources */ = {isa = PBXBuildFile; fileRef = A2B70A5827CFC55000AD2FB2 /* catalog.json */; };
		A2B70A5B27CFC58A00AD2FB2 /* CatalogAPIResult.swift in Sources */ = {isa = PBXBuildFile; fileRef = A2B70A5A27CFC58A00AD2FB2 /* CatalogAPIResult.swift */; };
		A2B70A5D27CFC61200AD2FB2 /* Catalog.swift in Sources */ = {isa = PBXBuildFile; fileRef = A2B70A5C27CFC61200AD2FB2 /* Catalog.swift */; };
		A2B70A6127D02B4600AD2FB2 /* SearchViewController.swift in Sources */ = {isa = PBXBuildFile; fileRef = A2B70A6027D02B4600AD2FB2 /* SearchViewController.swift */; };
		A2D042E327D08A8B00FD3196 /* StoreTabViewModel.swift in Sources */ = {isa = PBXBuildFile; fileRef = A2D042E227D08A8B00FD3196 /* StoreTabViewModel.swift */; };
		A2D042E727D08CCD00FD3196 /* RootCoordinator.swift in Sources */ = {isa = PBXBuildFile; fileRef = A2D042E627D08CCD00FD3196 /* RootCoordinator.swift */; };
		A2D042EC27D0A15500FD3196 /* CatalogGroupCollectionViewController.swift in Sources */ = {isa = PBXBuildFile; fileRef = A2D042EB27D0A15500FD3196 /* CatalogGroupCollectionViewController.swift */; };
		A2D042F427D0EF7400FD3196 /* UIImageView+.swift in Sources */ = {isa = PBXBuildFile; fileRef = A2D042F327D0EF7400FD3196 /* UIImageView+.swift */; };
		A2D042F627D11BC800FD3196 /* Sari-Bold.otf in Resources */ = {isa = PBXBuildFile; fileRef = A2D042F527D11BC800FD3196 /* Sari-Bold.otf */; };
		A2D042F827D1C22F00FD3196 /* SmartCell.swift in Sources */ = {isa = PBXBuildFile; fileRef = A2D042F727D1C22F00FD3196 /* SmartCell.swift */; };
		A2D042FA27D1C4D600FD3196 /* GroupCell.swift in Sources */ = {isa = PBXBuildFile; fileRef = A2D042F927D1C4D600FD3196 /* GroupCell.swift */; };
		A2D0433827D20C2A00FD3196 /* BannerCell.swift in Sources */ = {isa = PBXBuildFile; fileRef = A2D0433727D20C2A00FD3196 /* BannerCell.swift */; };
		A2D0433A27D3827A00FD3196 /* BannerView.swift in Sources */ = {isa = PBXBuildFile; fileRef = A2D0433927D3827A00FD3196 /* BannerView.swift */; };
		A2D0433C27D3882A00FD3196 /* DynamicSmartView.swift in Sources */ = {isa = PBXBuildFile; fileRef = A2D0433B27D3882A00FD3196 /* DynamicSmartView.swift */; };
		A2D0433F27D38DE700FD3196 /* DynamicGroupView.swift in Sources */ = {isa = PBXBuildFile; fileRef = A2D0433E27D38DE700FD3196 /* DynamicGroupView.swift */; };
		A2D0434127D38DF400FD3196 /* DynamicBannerView.swift in Sources */ = {isa = PBXBuildFile; fileRef = A2D0434027D38DF400FD3196 /* DynamicBannerView.swift */; };
		A2D0434527D3CB3900FD3196 /* SearchButton.swift in Sources */ = {isa = PBXBuildFile; fileRef = A2D0434427D3CB3900FD3196 /* SearchButton.swift */; };
/* End PBXBuildFile section */

/* Begin PBXContainerItemProxy section */
		A2B70A2527CF7CF300AD2FB2 /* PBXContainerItemProxy */ = {
			isa = PBXContainerItemProxy;
			containerPortal = A2B70A0627CF7CF200AD2FB2 /* Project object */;
			proxyType = 1;
			remoteGlobalIDString = A2B70A0D27CF7CF200AD2FB2;
			remoteInfo = sary;
		};
		A2B70A2F27CF7CF300AD2FB2 /* PBXContainerItemProxy */ = {
			isa = PBXContainerItemProxy;
			containerPortal = A2B70A0627CF7CF200AD2FB2 /* Project object */;
			proxyType = 1;
			remoteGlobalIDString = A2B70A0D27CF7CF200AD2FB2;
			remoteInfo = sary;
		};
/* End PBXContainerItemProxy section */

/* Begin PBXFileReference section */
		A2B70A0E27CF7CF200AD2FB2 /* sary.app */ = {isa = PBXFileReference; explicitFileType = wrapper.application; includeInIndex = 0; path = sary.app; sourceTree = BUILT_PRODUCTS_DIR; };
		A2B70A1127CF7CF200AD2FB2 /* AppDelegate.swift */ = {isa = PBXFileReference; lastKnownFileType = sourcecode.swift; path = AppDelegate.swift; sourceTree = "<group>"; };
		A2B70A1327CF7CF200AD2FB2 /* SceneDelegate.swift */ = {isa = PBXFileReference; lastKnownFileType = sourcecode.swift; path = SceneDelegate.swift; sourceTree = "<group>"; };
		A2B70A1527CF7CF200AD2FB2 /* ViewController.swift */ = {isa = PBXFileReference; lastKnownFileType = sourcecode.swift; path = ViewController.swift; sourceTree = "<group>"; };
		A2B70A1A27CF7CF300AD2FB2 /* Assets.xcassets */ = {isa = PBXFileReference; lastKnownFileType = folder.assetcatalog; path = Assets.xcassets; sourceTree = "<group>"; };
		A2B70A1D27CF7CF300AD2FB2 /* Base */ = {isa = PBXFileReference; lastKnownFileType = file.storyboard; name = Base; path = Base.lproj/LaunchScreen.storyboard; sourceTree = "<group>"; };
		A2B70A1F27CF7CF300AD2FB2 /* Info.plist */ = {isa = PBXFileReference; lastKnownFileType = text.plist.xml; path = Info.plist; sourceTree = "<group>"; };
		A2B70A2427CF7CF300AD2FB2 /* saryTests.xctest */ = {isa = PBXFileReference; explicitFileType = wrapper.cfbundle; includeInIndex = 0; path = saryTests.xctest; sourceTree = BUILT_PRODUCTS_DIR; };
		A2B70A2827CF7CF300AD2FB2 /* saryTests.swift */ = {isa = PBXFileReference; lastKnownFileType = sourcecode.swift; path = saryTests.swift; sourceTree = "<group>"; };
		A2B70A2E27CF7CF300AD2FB2 /* saryUITests.xctest */ = {isa = PBXFileReference; explicitFileType = wrapper.cfbundle; includeInIndex = 0; path = saryUITests.xctest; sourceTree = BUILT_PRODUCTS_DIR; };
		A2B70A3227CF7CF300AD2FB2 /* saryUITests.swift */ = {isa = PBXFileReference; lastKnownFileType = sourcecode.swift; path = saryUITests.swift; sourceTree = "<group>"; };
		A2B70A3427CF7CF300AD2FB2 /* saryUITestsLaunchTests.swift */ = {isa = PBXFileReference; lastKnownFileType = sourcecode.swift; path = saryUITestsLaunchTests.swift; sourceTree = "<group>"; };
		A2B70A4227CF85DF00AD2FB2 /* UIView+.swift */ = {isa = PBXFileReference; lastKnownFileType = sourcecode.swift; path = "UIView+.swift"; sourceTree = "<group>"; };
		A2B70A4927CF979B00AD2FB2 /* StoreTabViewController.swift */ = {isa = PBXFileReference; lastKnownFileType = sourcecode.swift; path = StoreTabViewController.swift; sourceTree = "<group>"; };
		A2B70A4B27CF97DF00AD2FB2 /* OrdersTabViewController.swift */ = {isa = PBXFileReference; lastKnownFileType = sourcecode.swift; path = OrdersTabViewController.swift; sourceTree = "<group>"; };
		A2B70A4D27CF980D00AD2FB2 /* AccountTabViewController.swift */ = {isa = PBXFileReference; lastKnownFileType = sourcecode.swift; path = AccountTabViewController.swift; sourceTree = "<group>"; };
		A2B70A4F27CFC12C00AD2FB2 /* Banner.swift */ = {isa = PBXFileReference; lastKnownFileType = sourcecode.swift; path = Banner.swift; sourceTree = "<group>"; };
		A2B70A5127CFC16D00AD2FB2 /* BannerAPIResult.swift */ = {isa = PBXFileReference; lastKnownFileType = sourcecode.swift; path = BannerAPIResult.swift; sourceTree = "<group>"; };
		A2B70A5327CFC30600AD2FB2 /* banners.json */ = {isa = PBXFileReference; lastKnownFileType = text.json; path = banners.json; sourceTree = "<group>"; };
		A2B70A5527CFC35500AD2FB2 /* Bundle+.swift */ = {isa = PBXFileReference; lastKnownFileType = sourcecode.swift; path = "Bundle+.swift"; sourceTree = "<group>"; };
		A2B70A5827CFC55000AD2FB2 /* catalog.json */ = {isa = PBXFileReference; lastKnownFileType = text.json; path = catalog.json; sourceTree = "<group>"; };
		A2B70A5A27CFC58A00AD2FB2 /* CatalogAPIResult.swift */ = {isa = PBXFileReference; lastKnownFileType = sourcecode.swift; path = CatalogAPIResult.swift; sourceTree = "<group>"; };
		A2B70A5C27CFC61200AD2FB2 /* Catalog.swift */ = {isa = PBXFileReference; lastKnownFileType = sourcecode.swift; path = Catalog.swift; sourceTree = "<group>"; };
		A2B70A6027D02B4600AD2FB2 /* SearchViewController.swift */ = {isa = PBXFileReference; lastKnownFileType = sourcecode.swift; path = SearchViewController.swift; sourceTree = "<group>"; };
		A2D042E227D08A8B00FD3196 /* StoreTabViewModel.swift */ = {isa = PBXFileReference; lastKnownFileType = sourcecode.swift; path = StoreTabViewModel.swift; sourceTree = "<group>"; };
		A2D042E627D08CCD00FD3196 /* RootCoordinator.swift */ = {isa = PBXFileReference; lastKnownFileType = sourcecode.swift; path = RootCoordinator.swift; sourceTree = "<group>"; };
		A2D042EB27D0A15500FD3196 /* CatalogGroupCollectionViewController.swift */ = {isa = PBXFileReference; lastKnownFileType = sourcecode.swift; path = CatalogGroupCollectionViewController.swift; sourceTree = "<group>"; };
		A2D042F327D0EF7400FD3196 /* UIImageView+.swift */ = {isa = PBXFileReference; lastKnownFileType = sourcecode.swift; path = "UIImageView+.swift"; sourceTree = "<group>"; };
		A2D042F527D11BC800FD3196 /* Sari-Bold.otf */ = {isa = PBXFileReference; lastKnownFileType = file; path = "Sari-Bold.otf"; sourceTree = "<group>"; };
		A2D042F727D1C22F00FD3196 /* SmartCell.swift */ = {isa = PBXFileReference; lastKnownFileType = sourcecode.swift; path = SmartCell.swift; sourceTree = "<group>"; };
		A2D042F927D1C4D600FD3196 /* GroupCell.swift */ = {isa = PBXFileReference; lastKnownFileType = sourcecode.swift; path = GroupCell.swift; sourceTree = "<group>"; };
		A2D0433727D20C2A00FD3196 /* BannerCell.swift */ = {isa = PBXFileReference; lastKnownFileType = sourcecode.swift; path = BannerCell.swift; sourceTree = "<group>"; };
		A2D0433927D3827A00FD3196 /* BannerView.swift */ = {isa = PBXFileReference; lastKnownFileType = sourcecode.swift; path = BannerView.swift; sourceTree = "<group>"; };
		A2D0433B27D3882A00FD3196 /* DynamicSmartView.swift */ = {isa = PBXFileReference; lastKnownFileType = sourcecode.swift; path = DynamicSmartView.swift; sourceTree = "<group>"; };
		A2D0433E27D38DE700FD3196 /* DynamicGroupView.swift */ = {isa = PBXFileReference; lastKnownFileType = sourcecode.swift; path = DynamicGroupView.swift; sourceTree = "<group>"; };
		A2D0434027D38DF400FD3196 /* DynamicBannerView.swift */ = {isa = PBXFileReference; lastKnownFileType = sourcecode.swift; path = DynamicBannerView.swift; sourceTree = "<group>"; };
		A2D0434327D3A1A100FD3196 /* ar */ = {isa = PBXFileReference; lastKnownFileType = text.plist.strings; name = ar; path = ar.lproj/LaunchScreen.strings; sourceTree = "<group>"; };
		A2D0434427D3CB3900FD3196 /* SearchButton.swift */ = {isa = PBXFileReference; lastKnownFileType = sourcecode.swift; path = SearchButton.swift; sourceTree = "<group>"; };
/* End PBXFileReference section */

/* Begin PBXFrameworksBuildPhase section */
		A2B70A0B27CF7CF200AD2FB2 /* Frameworks */ = {
			isa = PBXFrameworksBuildPhase;
			buildActionMask = 2147483647;
			files = (
				A2B70A4727CF892400AD2FB2 /* Alamofire in Frameworks */,
			);
			runOnlyForDeploymentPostprocessing = 0;
		};
		A2B70A2127CF7CF300AD2FB2 /* Frameworks */ = {
			isa = PBXFrameworksBuildPhase;
			buildActionMask = 2147483647;
			files = (
			);
			runOnlyForDeploymentPostprocessing = 0;
		};
		A2B70A2B27CF7CF300AD2FB2 /* Frameworks */ = {
			isa = PBXFrameworksBuildPhase;
			buildActionMask = 2147483647;
			files = (
			);
			runOnlyForDeploymentPostprocessing = 0;
		};
/* End PBXFrameworksBuildPhase section */

/* Begin PBXGroup section */
		A2B70A0527CF7CF200AD2FB2 = {
			isa = PBXGroup;
			children = (
				A2B70A1027CF7CF200AD2FB2 /* sary */,
				A2B70A2727CF7CF300AD2FB2 /* saryTests */,
				A2B70A3127CF7CF300AD2FB2 /* saryUITests */,
				A2B70A0F27CF7CF200AD2FB2 /* Products */,
			);
			sourceTree = "<group>";
		};
		A2B70A0F27CF7CF200AD2FB2 /* Products */ = {
			isa = PBXGroup;
			children = (
				A2B70A0E27CF7CF200AD2FB2 /* sary.app */,
				A2B70A2427CF7CF300AD2FB2 /* saryTests.xctest */,
				A2B70A2E27CF7CF300AD2FB2 /* saryUITests.xctest */,
			);
			name = Products;
			sourceTree = "<group>";
		};
		A2B70A1027CF7CF200AD2FB2 /* sary */ = {
			isa = PBXGroup;
			children = (
				A2D042E527D08CB100FD3196 /* Application */,
				A2D042E427D08A9500FD3196 /* ViewModels */,
				A2B70A4827CF96FB00AD2FB2 /* ViewControllers */,
				A2B70A4427CF88F000AD2FB2 /* Models */,
				A2B70A4127CF85CD00AD2FB2 /* Extensions */,
				A2B70A1527CF7CF200AD2FB2 /* ViewController.swift */,
				A2B70A5727CFC4F000AD2FB2 /* Resources */,
				A2D042E827D08DA800FD3196 /* Support */,
			);
			path = sary;
			sourceTree = "<group>";
		};
		A2B70A2727CF7CF300AD2FB2 /* saryTests */ = {
			isa = PBXGroup;
			children = (
				A2B70A2827CF7CF300AD2FB2 /* saryTests.swift */,
			);
			path = saryTests;
			sourceTree = "<group>";
		};
		A2B70A3127CF7CF300AD2FB2 /* saryUITests */ = {
			isa = PBXGroup;
			children = (
				A2B70A3227CF7CF300AD2FB2 /* saryUITests.swift */,
				A2B70A3427CF7CF300AD2FB2 /* saryUITestsLaunchTests.swift */,
			);
			path = saryUITests;
			sourceTree = "<group>";
		};
		A2B70A4127CF85CD00AD2FB2 /* Extensions */ = {
			isa = PBXGroup;
			children = (
				A2B70A4227CF85DF00AD2FB2 /* UIView+.swift */,
				A2B70A5527CFC35500AD2FB2 /* Bundle+.swift */,
				A2D042F327D0EF7400FD3196 /* UIImageView+.swift */,
			);
			path = Extensions;
			sourceTree = "<group>";
		};
		A2B70A4427CF88F000AD2FB2 /* Models */ = {
			isa = PBXGroup;
			children = (
				A2B70A4F27CFC12C00AD2FB2 /* Banner.swift */,
				A2B70A5127CFC16D00AD2FB2 /* BannerAPIResult.swift */,
				A2B70A5A27CFC58A00AD2FB2 /* CatalogAPIResult.swift */,
				A2B70A5C27CFC61200AD2FB2 /* Catalog.swift */,
			);
			path = Models;
			sourceTree = "<group>";
		};
		A2B70A4827CF96FB00AD2FB2 /* ViewControllers */ = {
			isa = PBXGroup;
			children = (
				A2D0433D27D38D7200FD3196 /* Views */,
				A2D042F027D0EAC700FD3196 /* Cells */,
				A2B70A4927CF979B00AD2FB2 /* StoreTabViewController.swift */,
				A2D042EB27D0A15500FD3196 /* CatalogGroupCollectionViewController.swift */,
				A2B70A4B27CF97DF00AD2FB2 /* OrdersTabViewController.swift */,
				A2B70A4D27CF980D00AD2FB2 /* AccountTabViewController.swift */,
				A2B70A6027D02B4600AD2FB2 /* SearchViewController.swift */,
			);
			path = ViewControllers;
			sourceTree = "<group>";
		};
		A2B70A5727CFC4F000AD2FB2 /* Resources */ = {
			isa = PBXGroup;
			children = (
				A2D042F527D11BC800FD3196 /* Sari-Bold.otf */,
				A2B70A1A27CF7CF300AD2FB2 /* Assets.xcassets */,
				A2B70A1C27CF7CF300AD2FB2 /* LaunchScreen.storyboard */,
				A2B70A5327CFC30600AD2FB2 /* banners.json */,
				A2B70A5827CFC55000AD2FB2 /* catalog.json */,
			);
			path = Resources;
			sourceTree = "<group>";
		};
		A2D042E427D08A9500FD3196 /* ViewModels */ = {
			isa = PBXGroup;
			children = (
				A2D042E227D08A8B00FD3196 /* StoreTabViewModel.swift */,
			);
			path = ViewModels;
			sourceTree = "<group>";
		};
		A2D042E527D08CB100FD3196 /* Application */ = {
			isa = PBXGroup;
			children = (
				A2B70A1127CF7CF200AD2FB2 /* AppDelegate.swift */,
				A2B70A1327CF7CF200AD2FB2 /* SceneDelegate.swift */,
				A2D042E627D08CCD00FD3196 /* RootCoordinator.swift */,
			);
			path = Application;
			sourceTree = "<group>";
		};
		A2D042E827D08DA800FD3196 /* Support */ = {
			isa = PBXGroup;
			children = (
				A2B70A1F27CF7CF300AD2FB2 /* Info.plist */,
			);
			path = Support;
			sourceTree = "<group>";
		};
		A2D042F027D0EAC700FD3196 /* Cells */ = {
			isa = PBXGroup;
			children = (
				A2D0433727D20C2A00FD3196 /* BannerCell.swift */,
				A2D042F927D1C4D600FD3196 /* GroupCell.swift */,
				A2D042F727D1C22F00FD3196 /* SmartCell.swift */,
			);
			path = Cells;
			sourceTree = "<group>";
		};
		A2D0433D27D38D7200FD3196 /* Views */ = {
			isa = PBXGroup;
			children = (
				A2D0434227D3940000FD3196 /* DynamicUI */,
				A2D0433927D3827A00FD3196 /* BannerView.swift */,
				A2D0434427D3CB3900FD3196 /* SearchButton.swift */,
			);
			path = Views;
			sourceTree = "<group>";
		};
		A2D0434227D3940000FD3196 /* DynamicUI */ = {
			isa = PBXGroup;
			children = (
				A2D0433B27D3882A00FD3196 /* DynamicSmartView.swift */,
				A2D0433E27D38DE700FD3196 /* DynamicGroupView.swift */,
				A2D0434027D38DF400FD3196 /* DynamicBannerView.swift */,
			);
			path = DynamicUI;
			sourceTree = "<group>";
		};
/* End PBXGroup section */

/* Begin PBXNativeTarget section */
		A2B70A0D27CF7CF200AD2FB2 /* sary */ = {
			isa = PBXNativeTarget;
			buildConfigurationList = A2B70A3827CF7CF300AD2FB2 /* Build configuration list for PBXNativeTarget "sary" */;
			buildPhases = (
				A2B70A0A27CF7CF200AD2FB2 /* Sources */,
				A2B70A0B27CF7CF200AD2FB2 /* Frameworks */,
				A2B70A0C27CF7CF200AD2FB2 /* Resources */,
			);
			buildRules = (
			);
			dependencies = (
			);
			name = sary;
			packageProductDependencies = (
				A2B70A4627CF892400AD2FB2 /* Alamofire */,
			);
			productName = sary;
			productReference = A2B70A0E27CF7CF200AD2FB2 /* sary.app */;
			productType = "com.apple.product-type.application";
		};
		A2B70A2327CF7CF300AD2FB2 /* saryTests */ = {
			isa = PBXNativeTarget;
			buildConfigurationList = A2B70A3B27CF7CF300AD2FB2 /* Build configuration list for PBXNativeTarget "saryTests" */;
			buildPhases = (
				A2B70A2027CF7CF300AD2FB2 /* Sources */,
				A2B70A2127CF7CF300AD2FB2 /* Frameworks */,
				A2B70A2227CF7CF300AD2FB2 /* Resources */,
			);
			buildRules = (
			);
			dependencies = (
				A2B70A2627CF7CF300AD2FB2 /* PBXTargetDependency */,
			);
			name = saryTests;
			productName = saryTests;
			productReference = A2B70A2427CF7CF300AD2FB2 /* saryTests.xctest */;
			productType = "com.apple.product-type.bundle.unit-test";
		};
		A2B70A2D27CF7CF300AD2FB2 /* saryUITests */ = {
			isa = PBXNativeTarget;
			buildConfigurationList = A2B70A3E27CF7CF300AD2FB2 /* Build configuration list for PBXNativeTarget "saryUITests" */;
			buildPhases = (
				A2B70A2A27CF7CF300AD2FB2 /* Sources */,
				A2B70A2B27CF7CF300AD2FB2 /* Frameworks */,
				A2B70A2C27CF7CF300AD2FB2 /* Resources */,
			);
			buildRules = (
			);
			dependencies = (
				A2B70A3027CF7CF300AD2FB2 /* PBXTargetDependency */,
			);
			name = saryUITests;
			productName = saryUITests;
			productReference = A2B70A2E27CF7CF300AD2FB2 /* saryUITests.xctest */;
			productType = "com.apple.product-type.bundle.ui-testing";
		};
/* End PBXNativeTarget section */

/* Begin PBXProject section */
		A2B70A0627CF7CF200AD2FB2 /* Project object */ = {
			isa = PBXProject;
			attributes = {
				BuildIndependentTargetsInParallel = 1;
				LastSwiftUpdateCheck = 1320;
				LastUpgradeCheck = 1320;
				TargetAttributes = {
					A2B70A0D27CF7CF200AD2FB2 = {
						CreatedOnToolsVersion = 13.2.1;
					};
					A2B70A2327CF7CF300AD2FB2 = {
						CreatedOnToolsVersion = 13.2.1;
						TestTargetID = A2B70A0D27CF7CF200AD2FB2;
					};
					A2B70A2D27CF7CF300AD2FB2 = {
						CreatedOnToolsVersion = 13.2.1;
						TestTargetID = A2B70A0D27CF7CF200AD2FB2;
					};
				};
			};
			buildConfigurationList = A2B70A0927CF7CF200AD2FB2 /* Build configuration list for PBXProject "sary" */;
			compatibilityVersion = "Xcode 13.0";
			developmentRegion = en;
			hasScannedForEncodings = 0;
			knownRegions = (
				en,
				Base,
				ar,
			);
			mainGroup = A2B70A0527CF7CF200AD2FB2;
			packageReferences = (
				A2B70A4527CF892400AD2FB2 /* XCRemoteSwiftPackageReference "Alamofire" */,
			);
			productRefGroup = A2B70A0F27CF7CF200AD2FB2 /* Products */;
			projectDirPath = "";
			projectRoot = "";
			targets = (
				A2B70A0D27CF7CF200AD2FB2 /* sary */,
				A2B70A2327CF7CF300AD2FB2 /* saryTests */,
				A2B70A2D27CF7CF300AD2FB2 /* saryUITests */,
			);
		};
/* End PBXProject section */

/* Begin PBXResourcesBuildPhase section */
		A2B70A0C27CF7CF200AD2FB2 /* Resources */ = {
			isa = PBXResourcesBuildPhase;
			buildActionMask = 2147483647;
			files = (
				A2B70A1E27CF7CF300AD2FB2 /* LaunchScreen.storyboard in Resources */,
				A2B70A5427CFC30600AD2FB2 /* banners.json in Resources */,
				A2B70A1B27CF7CF300AD2FB2 /* Assets.xcassets in Resources */,
				A2B70A5927CFC55000AD2FB2 /* catalog.json in Resources */,
				A2D042F627D11BC800FD3196 /* Sari-Bold.otf in Resources */,
			);
			runOnlyForDeploymentPostprocessing = 0;
		};
		A2B70A2227CF7CF300AD2FB2 /* Resources */ = {
			isa = PBXResourcesBuildPhase;
			buildActionMask = 2147483647;
			files = (
			);
			runOnlyForDeploymentPostprocessing = 0;
		};
		A2B70A2C27CF7CF300AD2FB2 /* Resources */ = {
			isa = PBXResourcesBuildPhase;
			buildActionMask = 2147483647;
			files = (
			);
			runOnlyForDeploymentPostprocessing = 0;
		};
/* End PBXResourcesBuildPhase section */

/* Begin PBXSourcesBuildPhase section */
		A2B70A0A27CF7CF200AD2FB2 /* Sources */ = {
			isa = PBXSourcesBuildPhase;
			buildActionMask = 2147483647;
			files = (
				A2D0433C27D3882A00FD3196 /* DynamicSmartView.swift in Sources */,
				A2B70A5227CFC16D00AD2FB2 /* BannerAPIResult.swift in Sources */,
				A2B70A4327CF85DF00AD2FB2 /* UIView+.swift in Sources */,
				A2B70A4C27CF97DF00AD2FB2 /* OrdersTabViewController.swift in Sources */,
				A2B70A5D27CFC61200AD2FB2 /* Catalog.swift in Sources */,
				A2D0434527D3CB3900FD3196 /* SearchButton.swift in Sources */,
				A2B70A5B27CFC58A00AD2FB2 /* CatalogAPIResult.swift in Sources */,
				A2B70A4E27CF980D00AD2FB2 /* AccountTabViewController.swift in Sources */,
				A2D042FA27D1C4D600FD3196 /* GroupCell.swift in Sources */,
				A2B70A1627CF7CF200AD2FB2 /* ViewController.swift in Sources */,
				A2B70A1227CF7CF200AD2FB2 /* AppDelegate.swift in Sources */,
				A2D042E727D08CCD00FD3196 /* RootCoordinator.swift in Sources */,
				A2B70A6127D02B4600AD2FB2 /* SearchViewController.swift in Sources */,
				A2B70A5027CFC12C00AD2FB2 /* Banner.swift in Sources */,
				A2B70A1427CF7CF200AD2FB2 /* SceneDelegate.swift in Sources */,
				A2D042F827D1C22F00FD3196 /* SmartCell.swift in Sources */,
				A2D0433A27D3827A00FD3196 /* BannerView.swift in Sources */,
				A2D0434127D38DF400FD3196 /* DynamicBannerView.swift in Sources */,
				A2B70A4A27CF979B00AD2FB2 /* StoreTabViewController.swift in Sources */,
				A2D042F427D0EF7400FD3196 /* UIImageView+.swift in Sources */,
				A2D042E327D08A8B00FD3196 /* StoreTabViewModel.swift in Sources */,
				A2B70A5627CFC35500AD2FB2 /* Bundle+.swift in Sources */,
				A2D042EC27D0A15500FD3196 /* CatalogGroupCollectionViewController.swift in Sources */,
				A2D0433827D20C2A00FD3196 /* BannerCell.swift in Sources */,
				A2D0433F27D38DE700FD3196 /* DynamicGroupView.swift in Sources */,
			);
			runOnlyForDeploymentPostprocessing = 0;
		};
		A2B70A2027CF7CF300AD2FB2 /* Sources */ = {
			isa = PBXSourcesBuildPhase;
			buildActionMask = 2147483647;
			files = (
				A2B70A2927CF7CF300AD2FB2 /* saryTests.swift in Sources */,
			);
			runOnlyForDeploymentPostprocessing = 0;
		};
		A2B70A2A27CF7CF300AD2FB2 /* Sources */ = {
			isa = PBXSourcesBuildPhase;
			buildActionMask = 2147483647;
			files = (
				A2B70A3327CF7CF300AD2FB2 /* saryUITests.swift in Sources */,
				A2B70A3527CF7CF300AD2FB2 /* saryUITestsLaunchTests.swift in Sources */,
			);
			runOnlyForDeploymentPostprocessing = 0;
		};
/* End PBXSourcesBuildPhase section */

/* Begin PBXTargetDependency section */
		A2B70A2627CF7CF300AD2FB2 /* PBXTargetDependency */ = {
			isa = PBXTargetDependency;
			target = A2B70A0D27CF7CF200AD2FB2 /* sary */;
			targetProxy = A2B70A2527CF7CF300AD2FB2 /* PBXContainerItemProxy */;
		};
		A2B70A3027CF7CF300AD2FB2 /* PBXTargetDependency */ = {
			isa = PBXTargetDependency;
			target = A2B70A0D27CF7CF200AD2FB2 /* sary */;
			targetProxy = A2B70A2F27CF7CF300AD2FB2 /* PBXContainerItemProxy */;
		};
/* End PBXTargetDependency section */

/* Begin PBXVariantGroup section */
		A2B70A1C27CF7CF300AD2FB2 /* LaunchScreen.storyboard */ = {
			isa = PBXVariantGroup;
			children = (
				A2B70A1D27CF7CF300AD2FB2 /* Base */,
				A2D0434327D3A1A100FD3196 /* ar */,
			);
			name = LaunchScreen.storyboard;
			sourceTree = "<group>";
		};
/* End PBXVariantGroup section */

/* Begin XCBuildConfiguration section */
		A2B70A3627CF7CF300AD2FB2 /* Debug */ = {
			isa = XCBuildConfiguration;
			buildSettings = {
				ALWAYS_SEARCH_USER_PATHS = NO;
				CLANG_ANALYZER_LOCALIZABILITY_NONLOCALIZED = YES;
				CLANG_ANALYZER_NONNULL = YES;
				CLANG_ANALYZER_NUMBER_OBJECT_CONVERSION = YES_AGGRESSIVE;
				CLANG_CXX_LANGUAGE_STANDARD = "gnu++17";
				CLANG_CXX_LIBRARY = "libc++";
				CLANG_ENABLE_MODULES = YES;
				CLANG_ENABLE_OBJC_ARC = YES;
				CLANG_ENABLE_OBJC_WEAK = YES;
				CLANG_WARN_BLOCK_CAPTURE_AUTORELEASING = YES;
				CLANG_WARN_BOOL_CONVERSION = YES;
				CLANG_WARN_COMMA = YES;
				CLANG_WARN_CONSTANT_CONVERSION = YES;
				CLANG_WARN_DEPRECATED_OBJC_IMPLEMENTATIONS = YES;
				CLANG_WARN_DIRECT_OBJC_ISA_USAGE = YES_ERROR;
				CLANG_WARN_DOCUMENTATION_COMMENTS = YES;
				CLANG_WARN_EMPTY_BODY = YES;
				CLANG_WARN_ENUM_CONVERSION = YES;
				CLANG_WARN_INFINITE_RECURSION = YES;
				CLANG_WARN_INT_CONVERSION = YES;
				CLANG_WARN_NON_LITERAL_NULL_CONVERSION = YES;
				CLANG_WARN_OBJC_IMPLICIT_RETAIN_SELF = YES;
				CLANG_WARN_OBJC_LITERAL_CONVERSION = YES;
				CLANG_WARN_OBJC_ROOT_CLASS = YES_ERROR;
				CLANG_WARN_QUOTED_INCLUDE_IN_FRAMEWORK_HEADER = YES;
				CLANG_WARN_RANGE_LOOP_ANALYSIS = YES;
				CLANG_WARN_STRICT_PROTOTYPES = YES;
				CLANG_WARN_SUSPICIOUS_MOVE = YES;
				CLANG_WARN_UNGUARDED_AVAILABILITY = YES_AGGRESSIVE;
				CLANG_WARN_UNREACHABLE_CODE = YES;
				CLANG_WARN__DUPLICATE_METHOD_MATCH = YES;
				COPY_PHASE_STRIP = NO;
				DEBUG_INFORMATION_FORMAT = dwarf;
				ENABLE_STRICT_OBJC_MSGSEND = YES;
				ENABLE_TESTABILITY = YES;
				GCC_C_LANGUAGE_STANDARD = gnu11;
				GCC_DYNAMIC_NO_PIC = NO;
				GCC_NO_COMMON_BLOCKS = YES;
				GCC_OPTIMIZATION_LEVEL = 0;
				GCC_PREPROCESSOR_DEFINITIONS = (
					"DEBUG=1",
					"$(inherited)",
				);
				GCC_WARN_64_TO_32_BIT_CONVERSION = YES;
				GCC_WARN_ABOUT_RETURN_TYPE = YES_ERROR;
				GCC_WARN_UNDECLARED_SELECTOR = YES;
				GCC_WARN_UNINITIALIZED_AUTOS = YES_AGGRESSIVE;
				GCC_WARN_UNUSED_FUNCTION = YES;
				GCC_WARN_UNUSED_VARIABLE = YES;
				IPHONEOS_DEPLOYMENT_TARGET = 11.0;
				MTL_ENABLE_DEBUG_INFO = INCLUDE_SOURCE;
				MTL_FAST_MATH = YES;
				ONLY_ACTIVE_ARCH = YES;
				SDKROOT = iphoneos;
				SWIFT_ACTIVE_COMPILATION_CONDITIONS = DEBUG;
				SWIFT_OPTIMIZATION_LEVEL = "-Onone";
			};
			name = Debug;
		};
		A2B70A3727CF7CF300AD2FB2 /* Release */ = {
			isa = XCBuildConfiguration;
			buildSettings = {
				ALWAYS_SEARCH_USER_PATHS = NO;
				CLANG_ANALYZER_LOCALIZABILITY_NONLOCALIZED = YES;
				CLANG_ANALYZER_NONNULL = YES;
				CLANG_ANALYZER_NUMBER_OBJECT_CONVERSION = YES_AGGRESSIVE;
				CLANG_CXX_LANGUAGE_STANDARD = "gnu++17";
				CLANG_CXX_LIBRARY = "libc++";
				CLANG_ENABLE_MODULES = YES;
				CLANG_ENABLE_OBJC_ARC = YES;
				CLANG_ENABLE_OBJC_WEAK = YES;
				CLANG_WARN_BLOCK_CAPTURE_AUTORELEASING = YES;
				CLANG_WARN_BOOL_CONVERSION = YES;
				CLANG_WARN_COMMA = YES;
				CLANG_WARN_CONSTANT_CONVERSION = YES;
				CLANG_WARN_DEPRECATED_OBJC_IMPLEMENTATIONS = YES;
				CLANG_WARN_DIRECT_OBJC_ISA_USAGE = YES_ERROR;
				CLANG_WARN_DOCUMENTATION_COMMENTS = YES;
				CLANG_WARN_EMPTY_BODY = YES;
				CLANG_WARN_ENUM_CONVERSION = YES;
				CLANG_WARN_INFINITE_RECURSION = YES;
				CLANG_WARN_INT_CONVERSION = YES;
				CLANG_WARN_NON_LITERAL_NULL_CONVERSION = YES;
				CLANG_WARN_OBJC_IMPLICIT_RETAIN_SELF = YES;
				CLANG_WARN_OBJC_LITERAL_CONVERSION = YES;
				CLANG_WARN_OBJC_ROOT_CLASS = YES_ERROR;
				CLANG_WARN_QUOTED_INCLUDE_IN_FRAMEWORK_HEADER = YES;
				CLANG_WARN_RANGE_LOOP_ANALYSIS = YES;
				CLANG_WARN_STRICT_PROTOTYPES = YES;
				CLANG_WARN_SUSPICIOUS_MOVE = YES;
				CLANG_WARN_UNGUARDED_AVAILABILITY = YES_AGGRESSIVE;
				CLANG_WARN_UNREACHABLE_CODE = YES;
				CLANG_WARN__DUPLICATE_METHOD_MATCH = YES;
				COPY_PHASE_STRIP = NO;
				DEBUG_INFORMATION_FORMAT = "dwarf-with-dsym";
				ENABLE_NS_ASSERTIONS = NO;
				ENABLE_STRICT_OBJC_MSGSEND = YES;
				GCC_C_LANGUAGE_STANDARD = gnu11;
				GCC_NO_COMMON_BLOCKS = YES;
				GCC_WARN_64_TO_32_BIT_CONVERSION = YES;
				GCC_WARN_ABOUT_RETURN_TYPE = YES_ERROR;
				GCC_WARN_UNDECLARED_SELECTOR = YES;
				GCC_WARN_UNINITIALIZED_AUTOS = YES_AGGRESSIVE;
				GCC_WARN_UNUSED_FUNCTION = YES;
				GCC_WARN_UNUSED_VARIABLE = YES;
				IPHONEOS_DEPLOYMENT_TARGET = 11.0;
				MTL_ENABLE_DEBUG_INFO = NO;
				MTL_FAST_MATH = YES;
				SDKROOT = iphoneos;
				SWIFT_COMPILATION_MODE = wholemodule;
				SWIFT_OPTIMIZATION_LEVEL = "-O";
				VALIDATE_PRODUCT = YES;
			};
			name = Release;
		};
		A2B70A3927CF7CF300AD2FB2 /* Debug */ = {
			isa = XCBuildConfiguration;
			buildSettings = {
				ASSETCATALOG_COMPILER_APPICON_NAME = AppIcon;
				ASSETCATALOG_COMPILER_GLOBAL_ACCENT_COLOR_NAME = AccentColor;
				CODE_SIGN_STYLE = Automatic;
				CURRENT_PROJECT_VERSION = 1;
				DEVELOPMENT_TEAM = M9AP67F2SC;
				GENERATE_INFOPLIST_FILE = YES;
				INFOPLIST_FILE = sary/Info.plist;
				INFOPLIST_KEY_CFBundleDisplayName = Sary;
				INFOPLIST_KEY_UIApplicationSupportsIndirectInputEvents = YES;
				INFOPLIST_KEY_UILaunchStoryboardName = LaunchScreen;
				INFOPLIST_KEY_UISupportedInterfaceOrientations_iPad = "UIInterfaceOrientationPortrait UIInterfaceOrientationPortraitUpsideDown UIInterfaceOrientationLandscapeLeft UIInterfaceOrientationLandscapeRight";
				INFOPLIST_KEY_UISupportedInterfaceOrientations_iPhone = "UIInterfaceOrientationPortrait UIInterfaceOrientationLandscapeLeft UIInterfaceOrientationLandscapeRight";
				IPHONEOS_DEPLOYMENT_TARGET = 11.0;
				LD_RUNPATH_SEARCH_PATHS = (
					"$(inherited)",
					"@executable_path/Frameworks",
				);
				MARKETING_VERSION = 1.0;
				PRODUCT_BUNDLE_IDENTIFIER = com.vdotup.sary;
				PRODUCT_NAME = "$(TARGET_NAME)";
				SWIFT_EMIT_LOC_STRINGS = YES;
				SWIFT_VERSION = 5.0;
				TARGETED_DEVICE_FAMILY = 1;
			};
			name = Debug;
		};
		A2B70A3A27CF7CF300AD2FB2 /* Release */ = {
			isa = XCBuildConfiguration;
			buildSettings = {
				ASSETCATALOG_COMPILER_APPICON_NAME = AppIcon;
				ASSETCATALOG_COMPILER_GLOBAL_ACCENT_COLOR_NAME = AccentColor;
				CODE_SIGN_STYLE = Automatic;
				CURRENT_PROJECT_VERSION = 1;
				DEVELOPMENT_TEAM = M9AP67F2SC;
				GENERATE_INFOPLIST_FILE = YES;
				INFOPLIST_FILE = sary/Info.plist;
				INFOPLIST_KEY_CFBundleDisplayName = Sary;
				INFOPLIST_KEY_UIApplicationSupportsIndirectInputEvents = YES;
				INFOPLIST_KEY_UILaunchStoryboardName = LaunchScreen;
				INFOPLIST_KEY_UISupportedInterfaceOrientations_iPad = "UIInterfaceOrientationPortrait UIInterfaceOrientationPortraitUpsideDown UIInterfaceOrientationLandscapeLeft UIInterfaceOrientationLandscapeRight";
				INFOPLIST_KEY_UISupportedInterfaceOrientations_iPhone = "UIInterfaceOrientationPortrait UIInterfaceOrientationLandscapeLeft UIInterfaceOrientationLandscapeRight";
				IPHONEOS_DEPLOYMENT_TARGET = 11.0;
				LD_RUNPATH_SEARCH_PATHS = (
					"$(inherited)",
					"@executable_path/Frameworks",
				);
				MARKETING_VERSION = 1.0;
				PRODUCT_BUNDLE_IDENTIFIER = com.vdotup.sary;
				PRODUCT_NAME = "$(TARGET_NAME)";
				SWIFT_EMIT_LOC_STRINGS = YES;
				SWIFT_VERSION = 5.0;
				TARGETED_DEVICE_FAMILY = 1;
			};
			name = Release;
		};
		A2B70A3C27CF7CF300AD2FB2 /* Debug */ = {
			isa = XCBuildConfiguration;
			buildSettings = {
				ALWAYS_EMBED_SWIFT_STANDARD_LIBRARIES = YES;
				BUNDLE_LOADER = "$(TEST_HOST)";
				CODE_SIGN_STYLE = Automatic;
				CURRENT_PROJECT_VERSION = 1;
				DEVELOPMENT_TEAM = M9AP67F2SC;
				GENERATE_INFOPLIST_FILE = YES;
				IPHONEOS_DEPLOYMENT_TARGET = 15.2;
				MARKETING_VERSION = 1.0;
				PRODUCT_BUNDLE_IDENTIFIER = com.vdotup.saryTests;
				PRODUCT_NAME = "$(TARGET_NAME)";
				SWIFT_EMIT_LOC_STRINGS = NO;
				SWIFT_VERSION = 5.0;
				TARGETED_DEVICE_FAMILY = "1,2";
				TEST_HOST = "$(BUILT_PRODUCTS_DIR)/sary.app/sary";
			};
			name = Debug;
		};
		A2B70A3D27CF7CF300AD2FB2 /* Release */ = {
			isa = XCBuildConfiguration;
			buildSettings = {
				ALWAYS_EMBED_SWIFT_STANDARD_LIBRARIES = YES;
				BUNDLE_LOADER = "$(TEST_HOST)";
				CODE_SIGN_STYLE = Automatic;
				CURRENT_PROJECT_VERSION = 1;
				DEVELOPMENT_TEAM = M9AP67F2SC;
				GENERATE_INFOPLIST_FILE = YES;
				IPHONEOS_DEPLOYMENT_TARGET = 15.2;
				MARKETING_VERSION = 1.0;
				PRODUCT_BUNDLE_IDENTIFIER = com.vdotup.saryTests;
				PRODUCT_NAME = "$(TARGET_NAME)";
				SWIFT_EMIT_LOC_STRINGS = NO;
				SWIFT_VERSION = 5.0;
				TARGETED_DEVICE_FAMILY = "1,2";
				TEST_HOST = "$(BUILT_PRODUCTS_DIR)/sary.app/sary";
			};
			name = Release;
		};
		A2B70A3F27CF7CF300AD2FB2 /* Debug */ = {
			isa = XCBuildConfiguration;
			buildSettings = {
				ALWAYS_EMBED_SWIFT_STANDARD_LIBRARIES = YES;
				CODE_SIGN_STYLE = Automatic;
				CURRENT_PROJECT_VERSION = 1;
				DEVELOPMENT_TEAM = M9AP67F2SC;
				GENERATE_INFOPLIST_FILE = YES;
				MARKETING_VERSION = 1.0;
				PRODUCT_BUNDLE_IDENTIFIER = com.vdotup.saryUITests;
				PRODUCT_NAME = "$(TARGET_NAME)";
				SWIFT_EMIT_LOC_STRINGS = NO;
				SWIFT_VERSION = 5.0;
				TARGETED_DEVICE_FAMILY = "1,2";
				TEST_TARGET_NAME = sary;
			};
			name = Debug;
		};
		A2B70A4027CF7CF300AD2FB2 /* Release */ = {
			isa = XCBuildConfiguration;
			buildSettings = {
				ALWAYS_EMBED_SWIFT_STANDARD_LIBRARIES = YES;
				CODE_SIGN_STYLE = Automatic;
				CURRENT_PROJECT_VERSION = 1;
				DEVELOPMENT_TEAM = M9AP67F2SC;
				GENERATE_INFOPLIST_FILE = YES;
				MARKETING_VERSION = 1.0;
				PRODUCT_BUNDLE_IDENTIFIER = com.vdotup.saryUITests;
				PRODUCT_NAME = "$(TARGET_NAME)";
				SWIFT_EMIT_LOC_STRINGS = NO;
				SWIFT_VERSION = 5.0;
				TARGETED_DEVICE_FAMILY = "1,2";
				TEST_TARGET_NAME = sary;
			};
			name = Release;
		};
/* End XCBuildConfiguration section */

/* Begin XCConfigurationList section */
		A2B70A0927CF7CF200AD2FB2 /* Build configuration list for PBXProject "sary" */ = {
			isa = XCConfigurationList;
			buildConfigurations = (
				A2B70A3627CF7CF300AD2FB2 /* Debug */,
				A2B70A3727CF7CF300AD2FB2 /* Release */,
			);
			defaultConfigurationIsVisible = 0;
			defaultConfigurationName = Release;
		};
		A2B70A3827CF7CF300AD2FB2 /* Build configuration list for PBXNativeTarget "sary" */ = {
			isa = XCConfigurationList;
			buildConfigurations = (
				A2B70A3927CF7CF300AD2FB2 /* Debug */,
				A2B70A3A27CF7CF300AD2FB2 /* Release */,
			);
			defaultConfigurationIsVisible = 0;
			defaultConfigurationName = Release;
		};
		A2B70A3B27CF7CF300AD2FB2 /* Build configuration list for PBXNativeTarget "saryTests" */ = {
			isa = XCConfigurationList;
			buildConfigurations = (
				A2B70A3C27CF7CF300AD2FB2 /* Debug */,
				A2B70A3D27CF7CF300AD2FB2 /* Release */,
			);
			defaultConfigurationIsVisible = 0;
			defaultConfigurationName = Release;
		};
		A2B70A3E27CF7CF300AD2FB2 /* Build configuration list for PBXNativeTarget "saryUITests" */ = {
			isa = XCConfigurationList;
			buildConfigurations = (
				A2B70A3F27CF7CF300AD2FB2 /* Debug */,
				A2B70A4027CF7CF300AD2FB2 /* Release */,
			);
			defaultConfigurationIsVisible = 0;
			defaultConfigurationName = Release;
		};
/* End XCConfigurationList section */

/* Begin XCRemoteSwiftPackageReference section */
		A2B70A4527CF892400AD2FB2 /* XCRemoteSwiftPackageReference "Alamofire" */ = {
			isa = XCRemoteSwiftPackageReference;
			repositoryURL = "https://github.com/Alamofire/Alamofire.git";
			requirement = {
				branch = master;
				kind = branch;
			};
		};
/* End XCRemoteSwiftPackageReference section */

/* Begin XCSwiftPackageProductDependency section */
		A2B70A4627CF892400AD2FB2 /* Alamofire */ = {
			isa = XCSwiftPackageProductDependency;
			package = A2B70A4527CF892400AD2FB2 /* XCRemoteSwiftPackageReference "Alamofire" */;
			productName = Alamofire;
		};
/* End XCSwiftPackageProductDependency section */
	};
	rootObject = A2B70A0627CF7CF200AD2FB2 /* Project object */;
}
